
Microsoft Visual Studio Solution File, Format Version 12.00
# Visual Studio Version 16
VisualStudioVersion = 16.0.29920.165
MinimumVisualStudioVersion = 10.0.40219.1
Project("{9A19103F-16F7-4668-BE54-9A1E7A4F7556}") = "aplikacja4", "aplikacja4.csproj", "{FE0CC39A-2A0A-4C3B-97CD-F714B86FD3C0}"
EndProject
Global
	GlobalSection(SolutionConfigurationPlatforms) = preSolution
		Debug|Any CPU = Debug|Any CPU
		Release|Any CPU = Release|Any CPU
	EndGlobalSection
	GlobalSection(ProjectConfigurationPlatforms) = postSolution
		{FE0CC39A-2A0A-4C3B-97CD-F714B86FD3C0}.Debug|Any CPU.ActiveCfg = Debug|Any CPU
		{FE0CC39A-2A0A-4C3B-97CD-F714B86FD3C0}.Debug|Any CPU.Build.0 = Debug|Any CPU
		{FE0CC39A-2A0A-4C3B-97CD-F714B86FD3C0}.Release|Any CPU.ActiveCfg = Release|Any CPU
		{FE0CC39A-2A0A-4C3B-97CD-F714B86FD3C0}.Release|Any CPU.Build.0 = Release|Any CPU
	EndGlobalSection
	GlobalSection(SolutionProperties) = preSolution
		HideSolutionNode = FALSE
	EndGlobalSection
	GlobalSection(ExtensibilityGlobals) = postSolution
		SolutionGuid = {8E35C3BC-D094-482F-A9FE-C40BC630FD24}
	EndGlobalSection
EndGlobal
